
Microsoft Visual Studio Solution File, Format Version 12.00
# Visual Studio Version 16
VisualStudioVersion = 16.0.29411.108
MinimumVisualStudioVersion = 10.0.40219.1
Project("{FAE04EC0-301F-11D3-BF4B-00C04F79EFBC}") = "FeedbackVU", "FeedbackVU\FeedbackVU.csproj", "{C2AC9E9B-B964-49B4-9A71-F5C90095C6C0}"
EndProject
Global
	GlobalSection(SolutionConfigurationPlatforms) = preSolution
		Debug|Any CPU = Debug|Any CPU
		Release|Any CPU = Release|Any CPU
	EndGlobalSection
	GlobalSection(ProjectConfigurationPlatforms) = postSolution
		{C2AC9E9B-B964-49B4-9A71-F5C90095C6C0}.Debug|Any CPU.ActiveCfg = Debug|Any CPU
		{C2AC9E9B-B964-49B4-9A71-F5C90095C6C0}.Debug|Any CPU.Build.0 = Debug|Any CPU
		{C2AC9E9B-B964-49B4-9A71-F5C90095C6C0}.Release|Any CPU.ActiveCfg = Release|Any CPU
		{C2AC9E9B-B964-49B4-9A71-F5C90095C6C0}.Release|Any CPU.Build.0 = Release|Any CPU
	EndGlobalSection
	GlobalSection(SolutionProperties) = preSolution
		HideSolutionNode = FALSE
	EndGlobalSection
	GlobalSection(ExtensibilityGlobals) = postSolution
		SolutionGuid = {1B1FA25C-C679-4A65-9B79-64BAB4212376}
	EndGlobalSection
EndGlobal
